
Microsoft Visual Studio Solution File, Format Version 12.00
# Visual Studio 15
VisualStudioVersion = 15.0.28307.489
MinimumVisualStudioVersion = 10.0.40219.1
Project("{FAE04EC0-301F-11D3-BF4B-00C04F79EFBC}") = "AccountManger.Data", "AccountManger.Data\AccountManger.Data.csproj", "{D99C106A-2FFD-45F4-B530-35C1492D5E03}"
EndProject
Project("{FAE04EC0-301F-11D3-BF4B-00C04F79EFBC}") = "AccountManager.Test", "AccountManager.Test\AccountManager.Test.csproj", "{7992E3B9-FAD1-4AC3-BA11-11107B35CC3D}"
EndProject
Global
	GlobalSection(SolutionConfigurationPlatforms) = preSolution
		Debug|Any CPU = Debug|Any CPU
		Release|Any CPU = Release|Any CPU
	EndGlobalSection
	GlobalSection(ProjectConfigurationPlatforms) = postSolution
		{D99C106A-2FFD-45F4-B530-35C1492D5E03}.Debug|Any CPU.ActiveCfg = Debug|Any CPU
		{D99C106A-2FFD-45F4-B530-35C1492D5E03}.Debug|Any CPU.Build.0 = Debug|Any CPU
		{D99C106A-2FFD-45F4-B530-35C1492D5E03}.Release|Any CPU.ActiveCfg = Release|Any CPU
		{D99C106A-2FFD-45F4-B530-35C1492D5E03}.Release|Any CPU.Build.0 = Release|Any CPU
		{7992E3B9-FAD1-4AC3-BA11-11107B35CC3D}.Debug|Any CPU.ActiveCfg = Debug|Any CPU
		{7992E3B9-FAD1-4AC3-BA11-11107B35CC3D}.Debug|Any CPU.Build.0 = Debug|Any CPU
		{7992E3B9-FAD1-4AC3-BA11-11107B35CC3D}.Release|Any CPU.ActiveCfg = Release|Any CPU
		{7992E3B9-FAD1-4AC3-BA11-11107B35CC3D}.Release|Any CPU.Build.0 = Release|Any CPU
	EndGlobalSection
	GlobalSection(SolutionProperties) = preSolution
		HideSolutionNode = FALSE
	EndGlobalSection
	GlobalSection(ExtensibilityGlobals) = postSolution
		SolutionGuid = {6F8D798C-8D19-42C8-BAA0-D0D0DA98D0B6}
	EndGlobalSection
EndGlobal
